// !$*UTF8*$!
{
	archiveVersion = 1;
	classes = {
	};
	objectVersion = 48;
	objects = {

/* Begin PBXBuildFile section */
		2620FC73E3F0E065FE7BDA04 /* libPods-PageViewControllerTest.a in Frameworks */ = {isa = PBXBuildFile; fileRef = 0FE1A1A404770F23948B5A05 /* libPods-PageViewControllerTest.a */; };
		9C02BEEA207CEB6B00D340F6 /* BBScrollView.m in Sources */ = {isa = PBXBuildFile; fileRef = 9C02BEE9207CEB6B00D340F6 /* BBScrollView.m */; };
		9F168AE3207AFA7300FBEC46 /* AppDelegate.m in Sources */ = {isa = PBXBuildFile; fileRef = 9F168AE2207AFA7300FBEC46 /* AppDelegate.m */; };
		9F168AE6207AFA7300FBEC46 /* ViewController.m in Sources */ = {isa = PBXBuildFile; fileRef = 9F168AE5207AFA7300FBEC46 /* ViewController.m */; };
		9F168AE9207AFA7300FBEC46 /* Main.storyboard in Resources */ = {isa = PBXBuildFile; fileRef = 9F168AE7207AFA7300FBEC46 /* Main.storyboard */; };
		9F168AEB207AFA7300FBEC46 /* Assets.xcassets in Resources */ = {isa = PBXBuildFile; fileRef = 9F168AEA207AFA7300FBEC46 /* Assets.xcassets */; };
		9F168AEE207AFA7300FBEC46 /* LaunchScreen.storyboard in Resources */ = {isa = PBXBuildFile; fileRef = 9F168AEC207AFA7300FBEC46 /* LaunchScreen.storyboard */; };
		9F168AF1207AFA7300FBEC46 /* main.m in Sources */ = {isa = PBXBuildFile; fileRef = 9F168AF0207AFA7300FBEC46 /* main.m */; };
		9F168B03207B027F00FBEC46 /* LucyViewController.m in Sources */ = {isa = PBXBuildFile; fileRef = 9F168B02207B027F00FBEC46 /* LucyViewController.m */; };
		9FF6B235207C8B9A00EEC964 /* TestViewController.m in Sources */ = {isa = PBXBuildFile; fileRef = 9FF6B234207C8B9A00EEC964 /* TestViewController.m */; };
		9FF6B238207C8C4300EEC964 /* AATopTitlesControl.m in Sources */ = {isa = PBXBuildFile; fileRef = 9FF6B237207C8C4300EEC964 /* AATopTitlesControl.m */; };
		9FF6B23B207C9D7100EEC964 /* OneViewController.m in Sources */ = {isa = PBXBuildFile; fileRef = 9FF6B23A207C9D7100EEC964 /* OneViewController.m */; };
/* End PBXBuildFile section */

/* Begin PBXFileReference section */
		0FE1A1A404770F23948B5A05 /* libPods-PageViewControllerTest.a */ = {isa = PBXFileReference; explicitFileType = archive.ar; includeInIndex = 0; path = "libPods-PageViewControllerTest.a"; sourceTree = BUILT_PRODUCTS_DIR; };
		1CC92BD47C576C72552291D3 /* Pods-PageViewControllerTest.release.xcconfig */ = {isa = PBXFileReference; includeInIndex = 1; lastKnownFileType = text.xcconfig; name = "Pods-PageViewControllerTest.release.xcconfig"; path = "Pods/Target Support Files/Pods-PageViewControllerTest/Pods-PageViewControllerTest.release.xcconfig"; sourceTree = "<group>"; };
		23B97E9D87A5B5973ABF990A /* Pods-PageViewControllerTest.debug.xcconfig */ = {isa = PBXFileReference; includeInIndex = 1; lastKnownFileType = text.xcconfig; name = "Pods-PageViewControllerTest.debug.xcconfig"; path = "Pods/Target Support Files/Pods-PageViewControllerTest/Pods-PageViewControllerTest.debug.xcconfig"; sourceTree = "<group>"; };
		9C02BEE8207CEB6B00D340F6 /* BBScrollView.h */ = {isa = PBXFileReference; lastKnownFileType = sourcecode.c.h; path = BBScrollView.h; sourceTree = "<group>"; };
		9C02BEE9207CEB6B00D340F6 /* BBScrollView.m */ = {isa = PBXFileReference; lastKnownFileType = sourcecode.c.objc; path = BBScrollView.m; sourceTree = "<group>"; };
		9F168ADE207AFA7300FBEC46 /* PageViewControllerTest.app */ = {isa = PBXFileReference; explicitFileType = wrapper.application; includeInIndex = 0; path = PageViewControllerTest.app; sourceTree = BUILT_PRODUCTS_DIR; };
		9F168AE1207AFA7300FBEC46 /* AppDelegate.h */ = {isa = PBXFileReference; lastKnownFileType = sourcecode.c.h; path = AppDelegate.h; sourceTree = "<group>"; };
		9F168AE2207AFA7300FBEC46 /* AppDelegate.m */ = {isa = PBXFileReference; lastKnownFileType = sourcecode.c.objc; path = AppDelegate.m; sourceTree = "<group>"; };
		9F168AE4207AFA7300FBEC46 /* ViewController.h */ = {isa = PBXFileReference; lastKnownFileType = sourcecode.c.h; path = ViewController.h; sourceTree = "<group>"; };
		9F168AE5207AFA7300FBEC46 /* ViewController.m */ = {isa = PBXFileReference; lastKnownFileType = sourcecode.c.objc; path = ViewController.m; sourceTree = "<group>"; };
		9F168AE8207AFA7300FBEC46 /* Base */ = {isa = PBXFileReference; lastKnownFileType = file.storyboard; name = Base; path = Base.lproj/Main.storyboard; sourceTree = "<group>"; };
		9F168AEA207AFA7300FBEC46 /* Assets.xcassets */ = {isa = PBXFileReference; lastKnownFileType = folder.assetcatalog; path = Assets.xcassets; sourceTree = "<group>"; };
		9F168AED207AFA7300FBEC46 /* Base */ = {isa = PBXFileReference; lastKnownFileType = file.storyboard; name = Base; path = Base.lproj/LaunchScreen.storyboard; sourceTree = "<group>"; };
		9F168AEF207AFA7300FBEC46 /* Info.plist */ = {isa = PBXFileReference; lastKnownFileType = text.plist.xml; path = Info.plist; sourceTree = "<group>"; };
		9F168AF0207AFA7300FBEC46 /* main.m */ = {isa = PBXFileReference; lastKnownFileType = sourcecode.c.objc; path = main.m; sourceTree = "<group>"; };
		9F168B01207B027F00FBEC46 /* LucyViewController.h */ = {isa = PBXFileReference; lastKnownFileType = sourcecode.c.h; path = LucyViewController.h; sourceTree = "<group>"; };
		9F168B02207B027F00FBEC46 /* LucyViewController.m */ = {isa = PBXFileReference; lastKnownFileType = sourcecode.c.objc; path = LucyViewController.m; sourceTree = "<group>"; };
		9FF6B233207C8B9A00EEC964 /* TestViewController.h */ = {isa = PBXFileReference; lastKnownFileType = sourcecode.c.h; path = TestViewController.h; sourceTree = "<group>"; };
		9FF6B234207C8B9A00EEC964 /* TestViewController.m */ = {isa = PBXFileReference; lastKnownFileType = sourcecode.c.objc; path = TestViewController.m; sourceTree = "<group>"; };
		9FF6B236207C8C4300EEC964 /* AATopTitlesControl.h */ = {isa = PBXFileReference; lastKnownFileType = sourcecode.c.h; path = AATopTitlesControl.h; sourceTree = "<group>"; };
		9FF6B237207C8C4300EEC964 /* AATopTitlesControl.m */ = {isa = PBXFileReference; lastKnownFileType = sourcecode.c.objc; path = AATopTitlesControl.m; sourceTree = "<group>"; };
		9FF6B239207C9D7100EEC964 /* OneViewController.h */ = {isa = PBXFileReference; lastKnownFileType = sourcecode.c.h; path = OneViewController.h; sourceTree = "<group>"; };
		9FF6B23A207C9D7100EEC964 /* OneViewController.m */ = {isa = PBXFileReference; lastKnownFileType = sourcecode.c.objc; path = OneViewController.m; sourceTree = "<group>"; };
/* End PBXFileReference section */

/* Begin PBXFrameworksBuildPhase section */
		9F168ADB207AFA7300FBEC46 /* Frameworks */ = {
			isa = PBXFrameworksBuildPhase;
			buildActionMask = 2147483647;
			files = (
				2620FC73E3F0E065FE7BDA04 /* libPods-PageViewControllerTest.a in Frameworks */,
			);
			runOnlyForDeploymentPostprocessing = 0;
		};
/* End PBXFrameworksBuildPhase section */

/* Begin PBXGroup section */
		9F168AD5207AFA7300FBEC46 = {
			isa = PBXGroup;
			children = (
				9F168AE0207AFA7300FBEC46 /* PageViewControllerTest */,
				9F168ADF207AFA7300FBEC46 /* Products */,
				CA1A3458B6F2FB521B0A6128 /* Pods */,
				C40D7AE51268AD801D27AE69 /* Frameworks */,
			);
			sourceTree = "<group>";
		};
		9F168ADF207AFA7300FBEC46 /* Products */ = {
			isa = PBXGroup;
			children = (
				9F168ADE207AFA7300FBEC46 /* PageViewControllerTest.app */,
			);
			name = Products;
			sourceTree = "<group>";
		};
		9F168AE0207AFA7300FBEC46 /* PageViewControllerTest */ = {
			isa = PBXGroup;
			children = (
				9F168AE1207AFA7300FBEC46 /* AppDelegate.h */,
				9F168AE2207AFA7300FBEC46 /* AppDelegate.m */,
				9F168AE4207AFA7300FBEC46 /* ViewController.h */,
				9F168AE5207AFA7300FBEC46 /* ViewController.m */,
				9F168B01207B027F00FBEC46 /* LucyViewController.h */,
				9F168B02207B027F00FBEC46 /* LucyViewController.m */,
				9FF6B233207C8B9A00EEC964 /* TestViewController.h */,
				9FF6B234207C8B9A00EEC964 /* TestViewController.m */,
				9FF6B236207C8C4300EEC964 /* AATopTitlesControl.h */,
				9FF6B237207C8C4300EEC964 /* AATopTitlesControl.m */,
				9FF6B239207C9D7100EEC964 /* OneViewController.h */,
				9FF6B23A207C9D7100EEC964 /* OneViewController.m */,
				9C02BEE8207CEB6B00D340F6 /* BBScrollView.h */,
				9C02BEE9207CEB6B00D340F6 /* BBScrollView.m */,
				9F168AE7207AFA7300FBEC46 /* Main.storyboard */,
				9F168AEA207AFA7300FBEC46 /* Assets.xcassets */,
				9F168AEC207AFA7300FBEC46 /* LaunchScreen.storyboard */,
				9F168AEF207AFA7300FBEC46 /* Info.plist */,
				9F168AF0207AFA7300FBEC46 /* main.m */,
			);
			path = PageViewControllerTest;
			sourceTree = "<group>";
		};
		C40D7AE51268AD801D27AE69 /* Frameworks */ = {
			isa = PBXGroup;
			children = (
				0FE1A1A404770F23948B5A05 /* libPods-PageViewControllerTest.a */,
			);
			name = Frameworks;
			sourceTree = "<group>";
		};
		CA1A3458B6F2FB521B0A6128 /* Pods */ = {
			isa = PBXGroup;
			children = (
				23B97E9D87A5B5973ABF990A /* Pods-PageViewControllerTest.debug.xcconfig */,
				1CC92BD47C576C72552291D3 /* Pods-PageViewControllerTest.release.xcconfig */,
			);
			name = Pods;
			sourceTree = "<group>";
		};
/* End PBXGroup section */

/* Begin PBXNativeTarget section */
		9F168ADD207AFA7300FBEC46 /* PageViewControllerTest */ = {
			isa = PBXNativeTarget;
			buildConfigurationList = 9F168AF4207AFA7300FBEC46 /* Build configuration list for PBXNativeTarget "PageViewControllerTest" */;
			buildPhases = (
				9D2CF9E2018537798FA7BDAF /* [CP] Check Pods Manifest.lock */,
				9F168ADA207AFA7300FBEC46 /* Sources */,
				9F168ADB207AFA7300FBEC46 /* Frameworks */,
				9F168ADC207AFA7300FBEC46 /* Resources */,
				9E73C2595DFA7FA8F6565214 /* [CP] Embed Pods Frameworks */,
				CFE1FE88684655993B2568F0 /* [CP] Copy Pods Resources */,
			);
			buildRules = (
			);
			dependencies = (
			);
			name = PageViewControllerTest;
			productName = PageViewControllerTest;
			productReference = 9F168ADE207AFA7300FBEC46 /* PageViewControllerTest.app */;
			productType = "com.apple.product-type.application";
		};
/* End PBXNativeTarget section */

/* Begin PBXProject section */
		9F168AD6207AFA7300FBEC46 /* Project object */ = {
			isa = PBXProject;
			attributes = {
				LastUpgradeCheck = 0920;
				ORGANIZATIONNAME = Peyton;
				TargetAttributes = {
					9F168ADD207AFA7300FBEC46 = {
						CreatedOnToolsVersion = 9.2;
						ProvisioningStyle = Automatic;
					};
				};
			};
			buildConfigurationList = 9F168AD9207AFA7300FBEC46 /* Build configuration list for PBXProject "PageViewControllerTest" */;
			compatibilityVersion = "Xcode 8.0";
			developmentRegion = en;
			hasScannedForEncodings = 0;
			knownRegions = (
				en,
				Base,
			);
			mainGroup = 9F168AD5207AFA7300FBEC46;
			productRefGroup = 9F168ADF207AFA7300FBEC46 /* Products */;
			projectDirPath = "";
			projectRoot = "";
			targets = (
				9F168ADD207AFA7300FBEC46 /* PageViewControllerTest */,
			);
		};
/* End PBXProject section */

/* Begin PBXResourcesBuildPhase section */
		9F168ADC207AFA7300FBEC46 /* Resources */ = {
			isa = PBXResourcesBuildPhase;
			buildActionMask = 2147483647;
			files = (
				9F168AEE207AFA7300FBEC46 /* LaunchScreen.storyboard in Resources */,
				9F168AEB207AFA7300FBEC46 /* Assets.xcassets in Resources */,
				9F168AE9207AFA7300FBEC46 /* Main.storyboard in Resources */,
			);
			runOnlyForDeploymentPostprocessing = 0;
		};
/* End PBXResourcesBuildPhase section */

/* Begin PBXShellScriptBuildPhase section */
		9D2CF9E2018537798FA7BDAF /* [CP] Check Pods Manifest.lock */ = {
			isa = PBXShellScriptBuildPhase;
			buildActionMask = 2147483647;
			files = (
			);
			inputPaths = (
				"${PODS_PODFILE_DIR_PATH}/Podfile.lock",
				"${PODS_ROOT}/Manifest.lock",
			);
			name = "[CP] Check Pods Manifest.lock";
			outputPaths = (
				"$(DERIVED_FILE_DIR)/Pods-PageViewControllerTest-checkManifestLockResult.txt",
			);
			runOnlyForDeploymentPostprocessing = 0;
			shellPath = /bin/sh;
			shellScript = "diff \"${PODS_PODFILE_DIR_PATH}/Podfile.lock\" \"${PODS_ROOT}/Manifest.lock\" > /dev/null\nif [ $? != 0 ] ; then\n    # print error to STDERR\n    echo \"error: The sandbox is not in sync with the Podfile.lock. Run 'pod install' or update your CocoaPods installation.\" >&2\n    exit 1\nfi\n# This output is used by Xcode 'outputs' to avoid re-running this script phase.\necho \"SUCCESS\" > \"${SCRIPT_OUTPUT_FILE_0}\"\n";
			showEnvVarsInLog = 0;
		};
		9E73C2595DFA7FA8F6565214 /* [CP] Embed Pods Frameworks */ = {
			isa = PBXShellScriptBuildPhase;
			buildActionMask = 2147483647;
			files = (
			);
			inputPaths = (
			);
			name = "[CP] Embed Pods Frameworks";
			outputPaths = (
			);
			runOnlyForDeploymentPostprocessing = 0;
			shellPath = /bin/sh;
			shellScript = "\"${SRCROOT}/Pods/Target Support Files/Pods-PageViewControllerTest/Pods-PageViewControllerTest-frameworks.sh\"\n";
			showEnvVarsInLog = 0;
		};
		CFE1FE88684655993B2568F0 /* [CP] Copy Pods Resources */ = {
			isa = PBXShellScriptBuildPhase;
			buildActionMask = 2147483647;
			files = (
			);
			inputPaths = (
			);
			name = "[CP] Copy Pods Resources";
			outputPaths = (
			);
			runOnlyForDeploymentPostprocessing = 0;
			shellPath = /bin/sh;
			shellScript = "\"${SRCROOT}/Pods/Target Support Files/Pods-PageViewControllerTest/Pods-PageViewControllerTest-resources.sh\"\n";
			showEnvVarsInLog = 0;
		};
/* End PBXShellScriptBuildPhase section */

/* Begin PBXSourcesBuildPhase section */
		9F168ADA207AFA7300FBEC46 /* Sources */ = {
			isa = PBXSourcesBuildPhase;
			buildActionMask = 2147483647;
			files = (
				9F168B03207B027F00FBEC46 /* LucyViewController.m in Sources */,
				9F168AE6207AFA7300FBEC46 /* ViewController.m in Sources */,
				9FF6B238207C8C4300EEC964 /* AATopTitlesControl.m in Sources */,
				9F168AF1207AFA7300FBEC46 /* main.m in Sources */,
				9F168AE3207AFA7300FBEC46 /* AppDelegate.m in Sources */,
				9FF6B23B207C9D7100EEC964 /* OneViewController.m in Sources */,
				9C02BEEA207CEB6B00D340F6 /* BBScrollView.m in Sources */,
				9FF6B235207C8B9A00EEC964 /* TestViewController.m in Sources */,
			);
			runOnlyForDeploymentPostprocessing = 0;
		};
/* End PBXSourcesBuildPhase section */

/* Begin PBXVariantGroup section */
		9F168AE7207AFA7300FBEC46 /* Main.storyboard */ = {
			isa = PBXVariantGroup;
			children = (
				9F168AE8207AFA7300FBEC46 /* Base */,
			);
			name = Main.storyboard;
			sourceTree = "<group>";
		};
		9F168AEC207AFA7300FBEC46 /* LaunchScreen.storyboard */ = {
			isa = PBXVariantGroup;
			children = (
				9F168AED207AFA7300FBEC46 /* Base */,
			);
			name = LaunchScreen.storyboard;
			sourceTree = "<group>";
		};
/* End PBXVariantGroup section */

/* Begin XCBuildConfiguration section */
		9F168AF2207AFA7300FBEC46 /* Debug */ = {
			isa = XCBuildConfiguration;
			buildSettings = {
				ALWAYS_SEARCH_USER_PATHS = NO;
				CLANG_ANALYZER_NONNULL = YES;
				CLANG_ANALYZER_NUMBER_OBJECT_CONVERSION = YES_AGGRESSIVE;
				CLANG_CXX_LANGUAGE_STANDARD = "gnu++14";
				CLANG_CXX_LIBRARY = "libc++";
				CLANG_ENABLE_MODULES = YES;
				CLANG_ENABLE_OBJC_ARC = YES;
				CLANG_WARN_BLOCK_CAPTURE_AUTORELEASING = YES;
				CLANG_WARN_BOOL_CONVERSION = YES;
				CLANG_WARN_COMMA = YES;
				CLANG_WARN_CONSTANT_CONVERSION = YES;
				CLANG_WARN_DIRECT_OBJC_ISA_USAGE = YES_ERROR;
				CLANG_WARN_DOCUMENTATION_COMMENTS = YES;
				CLANG_WARN_EMPTY_BODY = YES;
				CLANG_WARN_ENUM_CONVERSION = YES;
				CLANG_WARN_INFINITE_RECURSION = YES;
				CLANG_WARN_INT_CONVERSION = YES;
				CLANG_WARN_NON_LITERAL_NULL_CONVERSION = YES;
				CLANG_WARN_OBJC_LITERAL_CONVERSION = YES;
				CLANG_WARN_OBJC_ROOT_CLASS = YES_ERROR;
				CLANG_WARN_RANGE_LOOP_ANALYSIS = YES;
				CLANG_WARN_STRICT_PROTOTYPES = YES;
				CLANG_WARN_SUSPICIOUS_MOVE = YES;
				CLANG_WARN_UNGUARDED_AVAILABILITY = YES_AGGRESSIVE;
				CLANG_WARN_UNREACHABLE_CODE = YES;
				CLANG_WARN__DUPLICATE_METHOD_MATCH = YES;
				CODE_SIGN_IDENTITY = "iPhone Developer";
				COPY_PHASE_STRIP = NO;
				DEBUG_INFORMATION_FORMAT = dwarf;
				ENABLE_STRICT_OBJC_MSGSEND = YES;
				ENABLE_TESTABILITY = YES;
				GCC_C_LANGUAGE_STANDARD = gnu11;
				GCC_DYNAMIC_NO_PIC = NO;
				GCC_NO_COMMON_BLOCKS = YES;
				GCC_OPTIMIZATION_LEVEL = 0;
				GCC_PREPROCESSOR_DEFINITIONS = (
					"DEBUG=1",
					"$(inherited)",
				);
				GCC_WARN_64_TO_32_BIT_CONVERSION = YES;
				GCC_WARN_ABOUT_RETURN_TYPE = YES_ERROR;
				GCC_WARN_UNDECLARED_SELECTOR = YES;
				GCC_WARN_UNINITIALIZED_AUTOS = YES_AGGRESSIVE;
				GCC_WARN_UNUSED_FUNCTION = YES;
				GCC_WARN_UNUSED_VARIABLE = YES;
				IPHONEOS_DEPLOYMENT_TARGET = 11.2;
				MTL_ENABLE_DEBUG_INFO = YES;
				ONLY_ACTIVE_ARCH = YES;
				SDKROOT = iphoneos;
			};
			name = Debug;
		};
		9F168AF3207AFA7300FBEC46 /* Release */ = {
			isa = XCBuildConfiguration;
			buildSettings = {
				ALWAYS_SEARCH_USER_PATHS = NO;
				CLANG_ANALYZER_NONNULL = YES;
				CLANG_ANALYZER_NUMBER_OBJECT_CONVERSION = YES_AGGRESSIVE;
				CLANG_CXX_LANGUAGE_STANDARD = "gnu++14";
				CLANG_CXX_LIBRARY = "libc++";
				CLANG_ENABLE_MODULES = YES;
				CLANG_ENABLE_OBJC_ARC = YES;
				CLANG_WARN_BLOCK_CAPTURE_AUTORELEASING = YES;
				CLANG_WARN_BOOL_CONVERSION = YES;
				CLANG_WARN_COMMA = YES;
				CLANG_WARN_CONSTANT_CONVERSION = YES;
				CLANG_WARN_DIRECT_OBJC_ISA_USAGE = YES_ERROR;
				CLANG_WARN_DOCUMENTATION_COMMENTS = YES;
				CLANG_WARN_EMPTY_BODY = YES;
				CLANG_WARN_ENUM_CONVERSION = YES;
				CLANG_WARN_INFINITE_RECURSION = YES;
				CLANG_WARN_INT_CONVERSION = YES;
				CLANG_WARN_NON_LITERAL_NULL_CONVERSION = YES;
				CLANG_WARN_OBJC_LITERAL_CONVERSION = YES;
				CLANG_WARN_OBJC_ROOT_CLASS = YES_ERROR;
				CLANG_WARN_RANGE_LOOP_ANALYSIS = YES;
				CLANG_WARN_STRICT_PROTOTYPES = YES;
				CLANG_WARN_SUSPICIOUS_MOVE = YES;
				CLANG_WARN_UNGUARDED_AVAILABILITY = YES_AGGRESSIVE;
				CLANG_WARN_UNREACHABLE_CODE = YES;
				CLANG_WARN__DUPLICATE_METHOD_MATCH = YES;
				CODE_SIGN_IDENTITY = "iPhone Developer";
				COPY_PHASE_STRIP = NO;
				DEBUG_INFORMATION_FORMAT = "dwarf-with-dsym";
				ENABLE_NS_ASSERTIONS = NO;
				ENABLE_STRICT_OBJC_MSGSEND = YES;
				GCC_C_LANGUAGE_STANDARD = gnu11;
				GCC_NO_COMMON_BLOCKS = YES;
				GCC_WARN_64_TO_32_BIT_CONVERSION = YES;
				GCC_WARN_ABOUT_RETURN_TYPE = YES_ERROR;
				GCC_WARN_UNDECLARED_SELECTOR = YES;
				GCC_WARN_UNINITIALIZED_AUTOS = YES_AGGRESSIVE;
				GCC_WARN_UNUSED_FUNCTION = YES;
				GCC_WARN_UNUSED_VARIABLE = YES;
				IPHONEOS_DEPLOYMENT_TARGET = 11.2;
				MTL_ENABLE_DEBUG_INFO = NO;
				SDKROOT = iphoneos;
				VALIDATE_PRODUCT = YES;
			};
			name = Release;
		};
		9F168AF5207AFA7300FBEC46 /* Debug */ = {
			isa = XCBuildConfiguration;
			baseConfigurationReference = 23B97E9D87A5B5973ABF990A /* Pods-PageViewControllerTest.debug.xcconfig */;
			buildSettings = {
				ASSETCATALOG_COMPILER_APPICON_NAME = AppIcon;
				CODE_SIGN_STYLE = Automatic;
				DEVELOPMENT_TEAM = 47A3N54MRY;
				INFOPLIST_FILE = PageViewControllerTest/Info.plist;
				IPHONEOS_DEPLOYMENT_TARGET = 9.0;
				LD_RUNPATH_SEARCH_PATHS = "$(inherited) @executable_path/Frameworks";
				PRODUCT_BUNDLE_IDENTIFIER = com.Peyton.PageViewControllerTest;
				PRODUCT_NAME = "$(TARGET_NAME)";
				TARGETED_DEVICE_FAMILY = "1,2";
			};
			name = Debug;
		};
		9F168AF6207AFA7300FBEC46 /* Release */ = {
			isa = XCBuildConfiguration;
			baseConfigurationReference = 1CC92BD47C576C72552291D3 /* Pods-PageViewControllerTest.release.xcconfig */;
			buildSettings = {
				ASSETCATALOG_COMPILER_APPICON_NAME = AppIcon;
				CODE_SIGN_STYLE = Automatic;
				DEVELOPMENT_TEAM = 47A3N54MRY;
				INFOPLIST_FILE = PageViewControllerTest/Info.plist;
				IPHONEOS_DEPLOYMENT_TARGET = 9.0;
				LD_RUNPATH_SEARCH_PATHS = "$(inherited) @executable_path/Frameworks";
				PRODUCT_BUNDLE_IDENTIFIER = com.Peyton.PageViewControllerTest;
				PRODUCT_NAME = "$(TARGET_NAME)";
				TARGETED_DEVICE_FAMILY = "1,2";
			};
			name = Release;
		};
/* End XCBuildConfiguration section */

/* Begin XCConfigurationList section */
		9F168AD9207AFA7300FBEC46 /* Build configuration list for PBXProject "PageViewControllerTest" */ = {
			isa = XCConfigurationList;
			buildConfigurations = (
				9F168AF2207AFA7300FBEC46 /* Debug */,
				9F168AF3207AFA7300FBEC46 /* Release */,
			);
			defaultConfigurationIsVisible = 0;
			defaultConfigurationName = Release;
		};
		9F168AF4207AFA7300FBEC46 /* Build configuration list for PBXNativeTarget "PageViewControllerTest" */ = {
			isa = XCConfigurationList;
			buildConfigurations = (
				9F168AF5207AFA7300FBEC46 /* Debug */,
				9F168AF6207AFA7300FBEC46 /* Release */,
			);
			defaultConfigurationIsVisible = 0;
			defaultConfigurationName = Release;
		};
/* End XCConfigurationList section */
	};
	rootObject = 9F168AD6207AFA7300FBEC46 /* Project object */;
}
